// !$*UTF8*$!
{
	archiveVersion = 1;
	classes = {
	};
	objectVersion = 56;
	objects = {

/* Begin PBXBuildFile section */
		2A0CD3A529533481007942A8 /* GradeView.xib in Resources */ = {isa = PBXBuildFile; fileRef = 2A0CD3A429533481007942A8 /* GradeView.xib */; };
		2A0CD3A729533494007942A8 /* GradeView.swift in Sources */ = {isa = PBXBuildFile; fileRef = 2A0CD3A629533494007942A8 /* GradeView.swift */; };
		2A0CD3A929536C9A007942A8 /* NameTextField.swift in Sources */ = {isa = PBXBuildFile; fileRef = 2A0CD3A829536C9A007942A8 /* NameTextField.swift */; };
		2A78283C294BC07C0032AD4F /* GradeSelectVC.swift in Sources */ = {isa = PBXBuildFile; fileRef = 2A78283B294BC07C0032AD4F /* GradeSelectVC.swift */; };
		2A8695BC294CE18700B73D98 /* GradeCustomVC.swift in Sources */ = {isa = PBXBuildFile; fileRef = 2A8695BB294CE18700B73D98 /* GradeCustomVC.swift */; };
		2A8695BE294CED9200B73D98 /* ProvinceVC.swift in Sources */ = {isa = PBXBuildFile; fileRef = 2A8695BD294CED9200B73D98 /* ProvinceVC.swift */; };
		2A9475672947DF48000C3043 /* GoogleService-Info.plist in Resources */ = {isa = PBXBuildFile; fileRef = 2A9475662947DF48000C3043 /* GoogleService-Info.plist */; };
		2A94756A2947E073000C3043 /* FirebaseAnalytics in Frameworks */ = {isa = PBXBuildFile; productRef = 2A9475692947E073000C3043 /* FirebaseAnalytics */; };
		2A94756C2947E073000C3043 /* FirebaseAnalyticsOnDeviceConversion in Frameworks */ = {isa = PBXBuildFile; productRef = 2A94756B2947E073000C3043 /* FirebaseAnalyticsOnDeviceConversion */; };
		2A94756E2947E073000C3043 /* FirebaseAnalyticsSwift in Frameworks */ = {isa = PBXBuildFile; productRef = 2A94756D2947E073000C3043 /* FirebaseAnalyticsSwift */; };
		2A9475702947E073000C3043 /* FirebaseAnalyticsWithoutAdIdSupport in Frameworks */ = {isa = PBXBuildFile; productRef = 2A94756F2947E073000C3043 /* FirebaseAnalyticsWithoutAdIdSupport */; };
		2A9475722947E073000C3043 /* FirebaseAppCheck in Frameworks */ = {isa = PBXBuildFile; productRef = 2A9475712947E073000C3043 /* FirebaseAppCheck */; };
		2A9475742947E073000C3043 /* FirebaseAppDistribution-Beta in Frameworks */ = {isa = PBXBuildFile; productRef = 2A9475732947E073000C3043 /* FirebaseAppDistribution-Beta */; };
		2A9475762947E073000C3043 /* FirebaseAuth in Frameworks */ = {isa = PBXBuildFile; productRef = 2A9475752947E073000C3043 /* FirebaseAuth */; };
		2A9475782947E073000C3043 /* FirebaseAuthCombine-Community in Frameworks */ = {isa = PBXBuildFile; productRef = 2A9475772947E073000C3043 /* FirebaseAuthCombine-Community */; };
		2A94757A2947E073000C3043 /* FirebaseCrashlytics in Frameworks */ = {isa = PBXBuildFile; productRef = 2A9475792947E073000C3043 /* FirebaseCrashlytics */; };
		2A94757C2947E073000C3043 /* FirebaseDatabase in Frameworks */ = {isa = PBXBuildFile; productRef = 2A94757B2947E073000C3043 /* FirebaseDatabase */; };
		2A94757E2947E073000C3043 /* FirebaseDatabaseSwift in Frameworks */ = {isa = PBXBuildFile; productRef = 2A94757D2947E073000C3043 /* FirebaseDatabaseSwift */; };
		2A9475802947E073000C3043 /* FirebaseDynamicLinks in Frameworks */ = {isa = PBXBuildFile; productRef = 2A94757F2947E073000C3043 /* FirebaseDynamicLinks */; };
		2A9475822947E073000C3043 /* FirebaseFirestore in Frameworks */ = {isa = PBXBuildFile; productRef = 2A9475812947E073000C3043 /* FirebaseFirestore */; };
		2A9475842947E073000C3043 /* FirebaseFirestoreCombine-Community in Frameworks */ = {isa = PBXBuildFile; productRef = 2A9475832947E073000C3043 /* FirebaseFirestoreCombine-Community */; };
		2A9475862947E073000C3043 /* FirebaseFirestoreSwift in Frameworks */ = {isa = PBXBuildFile; productRef = 2A9475852947E073000C3043 /* FirebaseFirestoreSwift */; };
		2A9475882947E073000C3043 /* FirebaseFunctions in Frameworks */ = {isa = PBXBuildFile; productRef = 2A9475872947E073000C3043 /* FirebaseFunctions */; };
		2A94758A2947E073000C3043 /* FirebaseFunctionsCombine-Community in Frameworks */ = {isa = PBXBuildFile; productRef = 2A9475892947E073000C3043 /* FirebaseFunctionsCombine-Community */; };
		2A94758C2947E073000C3043 /* FirebaseInAppMessaging-Beta in Frameworks */ = {isa = PBXBuildFile; productRef = 2A94758B2947E073000C3043 /* FirebaseInAppMessaging-Beta */; };
		2A94758E2947E073000C3043 /* FirebaseInAppMessagingSwift-Beta in Frameworks */ = {isa = PBXBuildFile; productRef = 2A94758D2947E073000C3043 /* FirebaseInAppMessagingSwift-Beta */; };
		2A9475902947E073000C3043 /* FirebaseInstallations in Frameworks */ = {isa = PBXBuildFile; productRef = 2A94758F2947E073000C3043 /* FirebaseInstallations */; };
		2A9475922947E073000C3043 /* FirebaseMLModelDownloader in Frameworks */ = {isa = PBXBuildFile; productRef = 2A9475912947E073000C3043 /* FirebaseMLModelDownloader */; };
		2A9475942947E073000C3043 /* FirebaseMessaging in Frameworks */ = {isa = PBXBuildFile; productRef = 2A9475932947E073000C3043 /* FirebaseMessaging */; };
		2A9475962947E073000C3043 /* FirebasePerformance in Frameworks */ = {isa = PBXBuildFile; productRef = 2A9475952947E073000C3043 /* FirebasePerformance */; };
		2A9475982947E073000C3043 /* FirebaseRemoteConfig in Frameworks */ = {isa = PBXBuildFile; productRef = 2A9475972947E073000C3043 /* FirebaseRemoteConfig */; };
		2A94759A2947E073000C3043 /* FirebaseRemoteConfigSwift in Frameworks */ = {isa = PBXBuildFile; productRef = 2A9475992947E073000C3043 /* FirebaseRemoteConfigSwift */; };
		2A94759C2947E073000C3043 /* FirebaseStorage in Frameworks */ = {isa = PBXBuildFile; productRef = 2A94759B2947E073000C3043 /* FirebaseStorage */; };
		2A94759E2947E073000C3043 /* FirebaseStorageCombine-Community in Frameworks */ = {isa = PBXBuildFile; productRef = 2A94759D2947E073000C3043 /* FirebaseStorageCombine-Community */; };
		2AA09B072947B85400017E46 /* AppDelegate.swift in Sources */ = {isa = PBXBuildFile; fileRef = 2AA09B062947B85400017E46 /* AppDelegate.swift */; };
		2AA09B092947B85500017E46 /* SceneDelegate.swift in Sources */ = {isa = PBXBuildFile; fileRef = 2AA09B082947B85500017E46 /* SceneDelegate.swift */; };
		2AA09B0B2947B85500017E46 /* ViewController.swift in Sources */ = {isa = PBXBuildFile; fileRef = 2AA09B0A2947B85500017E46 /* ViewController.swift */; };
		2AA09B0E2947B85500017E46 /* Main.storyboard in Resources */ = {isa = PBXBuildFile; fileRef = 2AA09B0C2947B85500017E46 /* Main.storyboard */; };
		2AA09B102947B85500017E46 /* Assets.xcassets in Resources */ = {isa = PBXBuildFile; fileRef = 2AA09B0F2947B85500017E46 /* Assets.xcassets */; };
		2AA09B132947B85500017E46 /* LaunchScreen.storyboard in Resources */ = {isa = PBXBuildFile; fileRef = 2AA09B112947B85500017E46 /* LaunchScreen.storyboard */; };
		2AA09B1E2947B85600017E46 /* HappyEducationTests.swift in Sources */ = {isa = PBXBuildFile; fileRef = 2AA09B1D2947B85600017E46 /* HappyEducationTests.swift */; };
		2AA09B282947B85600017E46 /* HappyEducationUITests.swift in Sources */ = {isa = PBXBuildFile; fileRef = 2AA09B272947B85600017E46 /* HappyEducationUITests.swift */; };
		2AA09B2A2947B85600017E46 /* HappyEducationUITestsLaunchTests.swift in Sources */ = {isa = PBXBuildFile; fileRef = 2AA09B292947B85600017E46 /* HappyEducationUITestsLaunchTests.swift */; };
		2AD5D6A6294A305C000F6256 /* HomeVC.swift in Sources */ = {isa = PBXBuildFile; fileRef = 2AD5D6A5294A305C000F6256 /* HomeVC.swift */; };
		2AD5D6A8294A3064000F6256 /* SignInVC.swift in Sources */ = {isa = PBXBuildFile; fileRef = 2AD5D6A7294A3064000F6256 /* SignInVC.swift */; };
		2AD5D6AA294A3069000F6256 /* SignUpVC.swift in Sources */ = {isa = PBXBuildFile; fileRef = 2AD5D6A9294A3069000F6256 /* SignUpVC.swift */; };
		DA5C05AD2948578200799A16 /* Authetitication.swift in Sources */ = {isa = PBXBuildFile; fileRef = DA5C05AC2948578200799A16 /* Authetitication.swift */; };
		DA5C05B0294859DA00799A16 /* BaseAuthentiticationVC.swift in Sources */ = {isa = PBXBuildFile; fileRef = DA5C05AF294859DA00799A16 /* BaseAuthentiticationVC.swift */; };
		DA5C05B329488E0200799A16 /* EmailTextField.swift in Sources */ = {isa = PBXBuildFile; fileRef = DA5C05B229488E0200799A16 /* EmailTextField.swift */; };
		DA5C05B529488E1B00799A16 /* PasswordTextField.swift in Sources */ = {isa = PBXBuildFile; fileRef = DA5C05B429488E1B00799A16 /* PasswordTextField.swift */; };
/* End PBXBuildFile section */

/* Begin PBXContainerItemProxy section */
		2AA09B1A2947B85600017E46 /* PBXContainerItemProxy */ = {
			isa = PBXContainerItemProxy;
			containerPortal = 2AA09AFB2947B85400017E46 /* Project object */;
			proxyType = 1;
			remoteGlobalIDString = 2AA09B022947B85400017E46;
			remoteInfo = HappyEducation;
		};
		2AA09B242947B85600017E46 /* PBXContainerItemProxy */ = {
			isa = PBXContainerItemProxy;
			containerPortal = 2AA09AFB2947B85400017E46 /* Project object */;
			proxyType = 1;
			remoteGlobalIDString = 2AA09B022947B85400017E46;
			remoteInfo = HappyEducation;
		};
/* End PBXContainerItemProxy section */

/* Begin PBXFileReference section */
		2A0CD3A429533481007942A8 /* GradeView.xib */ = {isa = PBXFileReference; lastKnownFileType = file.xib; path = GradeView.xib; sourceTree = "<group>"; };
		2A0CD3A629533494007942A8 /* GradeView.swift */ = {isa = PBXFileReference; lastKnownFileType = sourcecode.swift; path = GradeView.swift; sourceTree = "<group>"; };
		2A0CD3A829536C9A007942A8 /* NameTextField.swift */ = {isa = PBXFileReference; lastKnownFileType = sourcecode.swift; path = NameTextField.swift; sourceTree = "<group>"; };
		2A78283B294BC07C0032AD4F /* GradeSelectVC.swift */ = {isa = PBXFileReference; lastKnownFileType = sourcecode.swift; path = GradeSelectVC.swift; sourceTree = "<group>"; };
		2A8695BB294CE18700B73D98 /* GradeCustomVC.swift */ = {isa = PBXFileReference; lastKnownFileType = sourcecode.swift; path = GradeCustomVC.swift; sourceTree = "<group>"; };
		2A8695BD294CED9200B73D98 /* ProvinceVC.swift */ = {isa = PBXFileReference; lastKnownFileType = sourcecode.swift; path = ProvinceVC.swift; sourceTree = "<group>"; };
		2A9475662947DF48000C3043 /* GoogleService-Info.plist */ = {isa = PBXFileReference; fileEncoding = 4; lastKnownFileType = text.plist.xml; path = "GoogleService-Info.plist"; sourceTree = "<group>"; };
		2AA09B032947B85400017E46 /* HappyEducation.app */ = {isa = PBXFileReference; explicitFileType = wrapper.application; includeInIndex = 0; path = HappyEducation.app; sourceTree = BUILT_PRODUCTS_DIR; };
		2AA09B062947B85400017E46 /* AppDelegate.swift */ = {isa = PBXFileReference; lastKnownFileType = sourcecode.swift; path = AppDelegate.swift; sourceTree = "<group>"; };
		2AA09B082947B85500017E46 /* SceneDelegate.swift */ = {isa = PBXFileReference; lastKnownFileType = sourcecode.swift; path = SceneDelegate.swift; sourceTree = "<group>"; };
		2AA09B0A2947B85500017E46 /* ViewController.swift */ = {isa = PBXFileReference; lastKnownFileType = sourcecode.swift; path = ViewController.swift; sourceTree = "<group>"; };
		2AA09B0D2947B85500017E46 /* Base */ = {isa = PBXFileReference; lastKnownFileType = file.storyboard; name = Base; path = Base.lproj/Main.storyboard; sourceTree = "<group>"; };
		2AA09B0F2947B85500017E46 /* Assets.xcassets */ = {isa = PBXFileReference; lastKnownFileType = folder.assetcatalog; path = Assets.xcassets; sourceTree = "<group>"; };
		2AA09B122947B85500017E46 /* Base */ = {isa = PBXFileReference; lastKnownFileType = file.storyboard; name = Base; path = Base.lproj/LaunchScreen.storyboard; sourceTree = "<group>"; };
		2AA09B142947B85500017E46 /* Info.plist */ = {isa = PBXFileReference; lastKnownFileType = text.plist.xml; path = Info.plist; sourceTree = "<group>"; };
		2AA09B192947B85600017E46 /* HappyEducationTests.xctest */ = {isa = PBXFileReference; explicitFileType = wrapper.cfbundle; includeInIndex = 0; path = HappyEducationTests.xctest; sourceTree = BUILT_PRODUCTS_DIR; };
		2AA09B1D2947B85600017E46 /* HappyEducationTests.swift */ = {isa = PBXFileReference; lastKnownFileType = sourcecode.swift; path = HappyEducationTests.swift; sourceTree = "<group>"; };
		2AA09B232947B85600017E46 /* HappyEducationUITests.xctest */ = {isa = PBXFileReference; explicitFileType = wrapper.cfbundle; includeInIndex = 0; path = HappyEducationUITests.xctest; sourceTree = BUILT_PRODUCTS_DIR; };
		2AA09B272947B85600017E46 /* HappyEducationUITests.swift */ = {isa = PBXFileReference; lastKnownFileType = sourcecode.swift; path = HappyEducationUITests.swift; sourceTree = "<group>"; };
		2AA09B292947B85600017E46 /* HappyEducationUITestsLaunchTests.swift */ = {isa = PBXFileReference; lastKnownFileType = sourcecode.swift; path = HappyEducationUITestsLaunchTests.swift; sourceTree = "<group>"; };
		2AD5D6A5294A305C000F6256 /* HomeVC.swift */ = {isa = PBXFileReference; fileEncoding = 4; lastKnownFileType = sourcecode.swift; path = HomeVC.swift; sourceTree = "<group>"; };
		2AD5D6A7294A3064000F6256 /* SignInVC.swift */ = {isa = PBXFileReference; fileEncoding = 4; lastKnownFileType = sourcecode.swift; path = SignInVC.swift; sourceTree = "<group>"; };
		2AD5D6A9294A3069000F6256 /* SignUpVC.swift */ = {isa = PBXFileReference; fileEncoding = 4; lastKnownFileType = sourcecode.swift; path = SignUpVC.swift; sourceTree = "<group>"; };
		6D9697CE294B80C9002F4E91 /* Debug.xcconfig */ = {isa = PBXFileReference; lastKnownFileType = text.xcconfig; path = Debug.xcconfig; sourceTree = "<group>"; };
		6D9697CF294B80D6002F4E91 /* Release.xcconfig */ = {isa = PBXFileReference; lastKnownFileType = text.xcconfig; path = Release.xcconfig; sourceTree = "<group>"; };
		DA5C05AC2948578200799A16 /* Authetitication.swift */ = {isa = PBXFileReference; lastKnownFileType = sourcecode.swift; path = Authetitication.swift; sourceTree = "<group>"; };
		DA5C05AF294859DA00799A16 /* BaseAuthentiticationVC.swift */ = {isa = PBXFileReference; lastKnownFileType = sourcecode.swift; path = BaseAuthentiticationVC.swift; sourceTree = "<group>"; };
		DA5C05B229488E0200799A16 /* EmailTextField.swift */ = {isa = PBXFileReference; lastKnownFileType = sourcecode.swift; path = EmailTextField.swift; sourceTree = "<group>"; };
		DA5C05B429488E1B00799A16 /* PasswordTextField.swift */ = {isa = PBXFileReference; lastKnownFileType = sourcecode.swift; path = PasswordTextField.swift; sourceTree = "<group>"; };
/* End PBXFileReference section */

/* Begin PBXFrameworksBuildPhase section */
		2AA09B002947B85400017E46 /* Frameworks */ = {
			isa = PBXFrameworksBuildPhase;
			buildActionMask = 2147483647;
			files = (
				2A94757C2947E073000C3043 /* FirebaseDatabase in Frameworks */,
				2A94758A2947E073000C3043 /* FirebaseFunctionsCombine-Community in Frameworks */,
				2A9475822947E073000C3043 /* FirebaseFirestore in Frameworks */,
				2A94756E2947E073000C3043 /* FirebaseAnalyticsSwift in Frameworks */,
				2A94756A2947E073000C3043 /* FirebaseAnalytics in Frameworks */,
				2A94756C2947E073000C3043 /* FirebaseAnalyticsOnDeviceConversion in Frameworks */,
				2A9475922947E073000C3043 /* FirebaseMLModelDownloader in Frameworks */,
				2A9475862947E073000C3043 /* FirebaseFirestoreSwift in Frameworks */,
				2A9475722947E073000C3043 /* FirebaseAppCheck in Frameworks */,
				2A9475702947E073000C3043 /* FirebaseAnalyticsWithoutAdIdSupport in Frameworks */,
				2A9475762947E073000C3043 /* FirebaseAuth in Frameworks */,
				2A94757A2947E073000C3043 /* FirebaseCrashlytics in Frameworks */,
				2A94759A2947E073000C3043 /* FirebaseRemoteConfigSwift in Frameworks */,
				2A94758C2947E073000C3043 /* FirebaseInAppMessaging-Beta in Frameworks */,
				2A94757E2947E073000C3043 /* FirebaseDatabaseSwift in Frameworks */,
				2A9475882947E073000C3043 /* FirebaseFunctions in Frameworks */,
				2A94759E2947E073000C3043 /* FirebaseStorageCombine-Community in Frameworks */,
				2A9475982947E073000C3043 /* FirebaseRemoteConfig in Frameworks */,
				2A9475742947E073000C3043 /* FirebaseAppDistribution-Beta in Frameworks */,
				2A9475782947E073000C3043 /* FirebaseAuthCombine-Community in Frameworks */,
				2A9475962947E073000C3043 /* FirebasePerformance in Frameworks */,
				2A94758E2947E073000C3043 /* FirebaseInAppMessagingSwift-Beta in Frameworks */,
				2A94759C2947E073000C3043 /* FirebaseStorage in Frameworks */,
				2A9475802947E073000C3043 /* FirebaseDynamicLinks in Frameworks */,
				2A9475842947E073000C3043 /* FirebaseFirestoreCombine-Community in Frameworks */,
				2A9475942947E073000C3043 /* FirebaseMessaging in Frameworks */,
				2A9475902947E073000C3043 /* FirebaseInstallations in Frameworks */,
			);
			runOnlyForDeploymentPostprocessing = 0;
		};
		2AA09B162947B85600017E46 /* Frameworks */ = {
			isa = PBXFrameworksBuildPhase;
			buildActionMask = 2147483647;
			files = (
			);
			runOnlyForDeploymentPostprocessing = 0;
		};
		2AA09B202947B85600017E46 /* Frameworks */ = {
			isa = PBXFrameworksBuildPhase;
			buildActionMask = 2147483647;
			files = (
			);
			runOnlyForDeploymentPostprocessing = 0;
		};
/* End PBXFrameworksBuildPhase section */

/* Begin PBXGroup section */
		2AA09AFA2947B85400017E46 = {
			isa = PBXGroup;
			children = (
				6D9697CD294B8098002F4E91 /* Configs */,
				2AA09B052947B85400017E46 /* HappyEducation */,
				2AA09B1C2947B85600017E46 /* HappyEducationTests */,
				2AA09B262947B85600017E46 /* HappyEducationUITests */,
				2AA09B042947B85400017E46 /* Products */,
			);
			sourceTree = "<group>";
		};
		2AA09B042947B85400017E46 /* Products */ = {
			isa = PBXGroup;
			children = (
				2AA09B032947B85400017E46 /* HappyEducation.app */,
				2AA09B192947B85600017E46 /* HappyEducationTests.xctest */,
				2AA09B232947B85600017E46 /* HappyEducationUITests.xctest */,
			);
			name = Products;
			sourceTree = "<group>";
		};
		2AA09B052947B85400017E46 /* HappyEducation */ = {
			isa = PBXGroup;
			children = (
				DA5C05B129488DD500799A16 /* Views */,
				DA5C05AE294859B900799A16 /* Common */,
				DA5C05AB2948575600799A16 /* Services */,
				2AB7B6DA2947BE4300C82AD2 /* VC */,
				2AB7B6D92947BE1E00C82AD2 /* Screens */,
				2AA09B062947B85400017E46 /* AppDelegate.swift */,
				2AA09B082947B85500017E46 /* SceneDelegate.swift */,
				2AA09B0F2947B85500017E46 /* Assets.xcassets */,
				2AA09B112947B85500017E46 /* LaunchScreen.storyboard */,
				2AA09B142947B85500017E46 /* Info.plist */,
				2A9475662947DF48000C3043 /* GoogleService-Info.plist */,
			);
			path = HappyEducation;
			sourceTree = "<group>";
		};
		2AA09B1C2947B85600017E46 /* HappyEducationTests */ = {
			isa = PBXGroup;
			children = (
				2AA09B1D2947B85600017E46 /* HappyEducationTests.swift */,
			);
			path = HappyEducationTests;
			sourceTree = "<group>";
		};
		2AA09B262947B85600017E46 /* HappyEducationUITests */ = {
			isa = PBXGroup;
			children = (
				2AA09B272947B85600017E46 /* HappyEducationUITests.swift */,
				2AA09B292947B85600017E46 /* HappyEducationUITestsLaunchTests.swift */,
			);
			path = HappyEducationUITests;
			sourceTree = "<group>";
		};
		2AB7B6D92947BE1E00C82AD2 /* Screens */ = {
			isa = PBXGroup;
			children = (
				2AA09B0C2947B85500017E46 /* Main.storyboard */,
			);
			path = Screens;
			sourceTree = "<group>";
		};
		2AB7B6DA2947BE4300C82AD2 /* VC */ = {
			isa = PBXGroup;
			children = (
				2AD5D6A9294A3069000F6256 /* SignUpVC.swift */,
				2AD5D6A7294A3064000F6256 /* SignInVC.swift */,
				2AD5D6A5294A305C000F6256 /* HomeVC.swift */,
				2AA09B0A2947B85500017E46 /* ViewController.swift */,
				2A78283B294BC07C0032AD4F /* GradeSelectVC.swift */,
				2A8695BB294CE18700B73D98 /* GradeCustomVC.swift */,
				2A8695BD294CED9200B73D98 /* ProvinceVC.swift */,
			);
			path = VC;
			sourceTree = "<group>";
		};
		6D9697CD294B8098002F4E91 /* Configs */ = {
			isa = PBXGroup;
			children = (
				6D9697CE294B80C9002F4E91 /* Debug.xcconfig */,
				6D9697CF294B80D6002F4E91 /* Release.xcconfig */,
			);
			path = Configs;
			sourceTree = "<group>";
		};
		DA5C05AB2948575600799A16 /* Services */ = {
			isa = PBXGroup;
			children = (
				DA5C05AC2948578200799A16 /* Authetitication.swift */,
			);
			path = Services;
			sourceTree = "<group>";
		};
		DA5C05AE294859B900799A16 /* Common */ = {
			isa = PBXGroup;
			children = (
				DA5C05AF294859DA00799A16 /* BaseAuthentiticationVC.swift */,
			);
			path = Common;
			sourceTree = "<group>";
		};
		DA5C05B129488DD500799A16 /* Views */ = {
			isa = PBXGroup;
			children = (
				DA5C05B229488E0200799A16 /* EmailTextField.swift */,
				DA5C05B429488E1B00799A16 /* PasswordTextField.swift */,
				2A0CD3A429533481007942A8 /* GradeView.xib */,
				2A0CD3A629533494007942A8 /* GradeView.swift */,
				2A0CD3A829536C9A007942A8 /* NameTextField.swift */,
			);
			path = Views;
			sourceTree = "<group>";
		};
/* End PBXGroup section */

/* Begin PBXNativeTarget section */
		2AA09B022947B85400017E46 /* HappyEducation */ = {
			isa = PBXNativeTarget;
			buildConfigurationList = 2AA09B2D2947B85600017E46 /* Build configuration list for PBXNativeTarget "HappyEducation" */;
			buildPhases = (
				2AA09AFF2947B85400017E46 /* Sources */,
				2AA09B002947B85400017E46 /* Frameworks */,
				2AA09B012947B85400017E46 /* Resources */,
			);
			buildRules = (
			);
			dependencies = (
			);
			name = HappyEducation;
			packageProductDependencies = (
				2A9475692947E073000C3043 /* FirebaseAnalytics */,
				2A94756B2947E073000C3043 /* FirebaseAnalyticsOnDeviceConversion */,
				2A94756D2947E073000C3043 /* FirebaseAnalyticsSwift */,
				2A94756F2947E073000C3043 /* FirebaseAnalyticsWithoutAdIdSupport */,
				2A9475712947E073000C3043 /* FirebaseAppCheck */,
				2A9475732947E073000C3043 /* FirebaseAppDistribution-Beta */,
				2A9475752947E073000C3043 /* FirebaseAuth */,
				2A9475772947E073000C3043 /* FirebaseAuthCombine-Community */,
				2A9475792947E073000C3043 /* FirebaseCrashlytics */,
				2A94757B2947E073000C3043 /* FirebaseDatabase */,
				2A94757D2947E073000C3043 /* FirebaseDatabaseSwift */,
				2A94757F2947E073000C3043 /* FirebaseDynamicLinks */,
				2A9475812947E073000C3043 /* FirebaseFirestore */,
				2A9475832947E073000C3043 /* FirebaseFirestoreCombine-Community */,
				2A9475852947E073000C3043 /* FirebaseFirestoreSwift */,
				2A9475872947E073000C3043 /* FirebaseFunctions */,
				2A9475892947E073000C3043 /* FirebaseFunctionsCombine-Community */,
				2A94758B2947E073000C3043 /* FirebaseInAppMessaging-Beta */,
				2A94758D2947E073000C3043 /* FirebaseInAppMessagingSwift-Beta */,
				2A94758F2947E073000C3043 /* FirebaseInstallations */,
				2A9475912947E073000C3043 /* FirebaseMLModelDownloader */,
				2A9475932947E073000C3043 /* FirebaseMessaging */,
				2A9475952947E073000C3043 /* FirebasePerformance */,
				2A9475972947E073000C3043 /* FirebaseRemoteConfig */,
				2A9475992947E073000C3043 /* FirebaseRemoteConfigSwift */,
				2A94759B2947E073000C3043 /* FirebaseStorage */,
				2A94759D2947E073000C3043 /* FirebaseStorageCombine-Community */,
			);
			productName = HappyEducation;
			productReference = 2AA09B032947B85400017E46 /* HappyEducation.app */;
			productType = "com.apple.product-type.application";
		};
		2AA09B182947B85600017E46 /* HappyEducationTests */ = {
			isa = PBXNativeTarget;
			buildConfigurationList = 2AA09B302947B85600017E46 /* Build configuration list for PBXNativeTarget "HappyEducationTests" */;
			buildPhases = (
				2AA09B152947B85600017E46 /* Sources */,
				2AA09B162947B85600017E46 /* Frameworks */,
				2AA09B172947B85600017E46 /* Resources */,
			);
			buildRules = (
			);
			dependencies = (
				2AA09B1B2947B85600017E46 /* PBXTargetDependency */,
			);
			name = HappyEducationTests;
			productName = HappyEducationTests;
			productReference = 2AA09B192947B85600017E46 /* HappyEducationTests.xctest */;
			productType = "com.apple.product-type.bundle.unit-test";
		};
		2AA09B222947B85600017E46 /* HappyEducationUITests */ = {
			isa = PBXNativeTarget;
			buildConfigurationList = 2AA09B332947B85600017E46 /* Build configuration list for PBXNativeTarget "HappyEducationUITests" */;
			buildPhases = (
				2AA09B1F2947B85600017E46 /* Sources */,
				2AA09B202947B85600017E46 /* Frameworks */,
				2AA09B212947B85600017E46 /* Resources */,
			);
			buildRules = (
			);
			dependencies = (
				2AA09B252947B85600017E46 /* PBXTargetDependency */,
			);
			name = HappyEducationUITests;
			productName = HappyEducationUITests;
			productReference = 2AA09B232947B85600017E46 /* HappyEducationUITests.xctest */;
			productType = "com.apple.product-type.bundle.ui-testing";
		};
/* End PBXNativeTarget section */

/* Begin PBXProject section */
		2AA09AFB2947B85400017E46 /* Project object */ = {
			isa = PBXProject;
			attributes = {
				BuildIndependentTargetsInParallel = 1;
				LastSwiftUpdateCheck = 1410;
				LastUpgradeCheck = 1410;
				TargetAttributes = {
					2AA09B022947B85400017E46 = {
						CreatedOnToolsVersion = 14.1;
					};
					2AA09B182947B85600017E46 = {
						CreatedOnToolsVersion = 14.1;
						TestTargetID = 2AA09B022947B85400017E46;
					};
					2AA09B222947B85600017E46 = {
						CreatedOnToolsVersion = 14.1;
						TestTargetID = 2AA09B022947B85400017E46;
					};
				};
			};
			buildConfigurationList = 2AA09AFE2947B85400017E46 /* Build configuration list for PBXProject "HappyEducation" */;
			compatibilityVersion = "Xcode 14.0";
			developmentRegion = en;
			hasScannedForEncodings = 0;
			knownRegions = (
				en,
				Base,
			);
			mainGroup = 2AA09AFA2947B85400017E46;
			packageReferences = (
				2A9475682947E073000C3043 /* XCRemoteSwiftPackageReference "firebase-ios-sdk" */,
			);
			productRefGroup = 2AA09B042947B85400017E46 /* Products */;
			projectDirPath = "";
			projectRoot = "";
			targets = (
				2AA09B022947B85400017E46 /* HappyEducation */,
				2AA09B182947B85600017E46 /* HappyEducationTests */,
				2AA09B222947B85600017E46 /* HappyEducationUITests */,
			);
		};
/* End PBXProject section */

/* Begin PBXResourcesBuildPhase section */
		2AA09B012947B85400017E46 /* Resources */ = {
			isa = PBXResourcesBuildPhase;
			buildActionMask = 2147483647;
			files = (
				2A0CD3A529533481007942A8 /* GradeView.xib in Resources */,
				2AA09B132947B85500017E46 /* LaunchScreen.storyboard in Resources */,
				2A9475672947DF48000C3043 /* GoogleService-Info.plist in Resources */,
				2AA09B102947B85500017E46 /* Assets.xcassets in Resources */,
				2AA09B0E2947B85500017E46 /* Main.storyboard in Resources */,
			);
			runOnlyForDeploymentPostprocessing = 0;
		};
		2AA09B172947B85600017E46 /* Resources */ = {
			isa = PBXResourcesBuildPhase;
			buildActionMask = 2147483647;
			files = (
			);
			runOnlyForDeploymentPostprocessing = 0;
		};
		2AA09B212947B85600017E46 /* Resources */ = {
			isa = PBXResourcesBuildPhase;
			buildActionMask = 2147483647;
			files = (
			);
			runOnlyForDeploymentPostprocessing = 0;
		};
/* End PBXResourcesBuildPhase section */

/* Begin PBXSourcesBuildPhase section */
		2AA09AFF2947B85400017E46 /* Sources */ = {
			isa = PBXSourcesBuildPhase;
			buildActionMask = 2147483647;
			files = (
				DA5C05B0294859DA00799A16 /* BaseAuthentiticationVC.swift in Sources */,
				2AD5D6A6294A305C000F6256 /* HomeVC.swift in Sources */,
				2AD5D6A8294A3064000F6256 /* SignInVC.swift in Sources */,
				2A0CD3A929536C9A007942A8 /* NameTextField.swift in Sources */,
				2A8695BE294CED9200B73D98 /* ProvinceVC.swift in Sources */,
				2AA09B0B2947B85500017E46 /* ViewController.swift in Sources */,
				DA5C05B529488E1B00799A16 /* PasswordTextField.swift in Sources */,
				2A0CD3A729533494007942A8 /* GradeView.swift in Sources */,
				DA5C05B329488E0200799A16 /* EmailTextField.swift in Sources */,
				2AA09B072947B85400017E46 /* AppDelegate.swift in Sources */,
				2AA09B092947B85500017E46 /* SceneDelegate.swift in Sources */,
				2AD5D6AA294A3069000F6256 /* SignUpVC.swift in Sources */,
				2A8695BC294CE18700B73D98 /* GradeCustomVC.swift in Sources */,
				DA5C05AD2948578200799A16 /* Authetitication.swift in Sources */,
				2A78283C294BC07C0032AD4F /* GradeSelectVC.swift in Sources */,
			);
			runOnlyForDeploymentPostprocessing = 0;
		};
		2AA09B152947B85600017E46 /* Sources */ = {
			isa = PBXSourcesBuildPhase;
			buildActionMask = 2147483647;
			files = (
				2AA09B1E2947B85600017E46 /* HappyEducationTests.swift in Sources */,
			);
			runOnlyForDeploymentPostprocessing = 0;
		};
		2AA09B1F2947B85600017E46 /* Sources */ = {
			isa = PBXSourcesBuildPhase;
			buildActionMask = 2147483647;
			files = (
				2AA09B2A2947B85600017E46 /* HappyEducationUITestsLaunchTests.swift in Sources */,
				2AA09B282947B85600017E46 /* HappyEducationUITests.swift in Sources */,
			);
			runOnlyForDeploymentPostprocessing = 0;
		};
/* End PBXSourcesBuildPhase section */

/* Begin PBXTargetDependency section */
		2AA09B1B2947B85600017E46 /* PBXTargetDependency */ = {
			isa = PBXTargetDependency;
			target = 2AA09B022947B85400017E46 /* HappyEducation */;
			targetProxy = 2AA09B1A2947B85600017E46 /* PBXContainerItemProxy */;
		};
		2AA09B252947B85600017E46 /* PBXTargetDependency */ = {
			isa = PBXTargetDependency;
			target = 2AA09B022947B85400017E46 /* HappyEducation */;
			targetProxy = 2AA09B242947B85600017E46 /* PBXContainerItemProxy */;
		};
/* End PBXTargetDependency section */

/* Begin PBXVariantGroup section */
		2AA09B0C2947B85500017E46 /* Main.storyboard */ = {
			isa = PBXVariantGroup;
			children = (
				2AA09B0D2947B85500017E46 /* Base */,
			);
			name = Main.storyboard;
			sourceTree = "<group>";
		};
		2AA09B112947B85500017E46 /* LaunchScreen.storyboard */ = {
			isa = PBXVariantGroup;
			children = (
				2AA09B122947B85500017E46 /* Base */,
			);
			name = LaunchScreen.storyboard;
			sourceTree = "<group>";
		};
/* End PBXVariantGroup section */

/* Begin XCBuildConfiguration section */
		2AA09B2B2947B85600017E46 /* Debug */ = {
			isa = XCBuildConfiguration;
			buildSettings = {
				ALWAYS_SEARCH_USER_PATHS = NO;
				CLANG_ANALYZER_NONNULL = YES;
				CLANG_ANALYZER_NUMBER_OBJECT_CONVERSION = YES_AGGRESSIVE;
				CLANG_CXX_LANGUAGE_STANDARD = "gnu++20";
				CLANG_ENABLE_MODULES = YES;
				CLANG_ENABLE_OBJC_ARC = YES;
				CLANG_ENABLE_OBJC_WEAK = YES;
				CLANG_WARN_BLOCK_CAPTURE_AUTORELEASING = YES;
				CLANG_WARN_BOOL_CONVERSION = YES;
				CLANG_WARN_COMMA = YES;
				CLANG_WARN_CONSTANT_CONVERSION = YES;
				CLANG_WARN_DEPRECATED_OBJC_IMPLEMENTATIONS = YES;
				CLANG_WARN_DIRECT_OBJC_ISA_USAGE = YES_ERROR;
				CLANG_WARN_DOCUMENTATION_COMMENTS = YES;
				CLANG_WARN_EMPTY_BODY = YES;
				CLANG_WARN_ENUM_CONVERSION = YES;
				CLANG_WARN_INFINITE_RECURSION = YES;
				CLANG_WARN_INT_CONVERSION = YES;
				CLANG_WARN_NON_LITERAL_NULL_CONVERSION = YES;
				CLANG_WARN_OBJC_IMPLICIT_RETAIN_SELF = YES;
				CLANG_WARN_OBJC_LITERAL_CONVERSION = YES;
				CLANG_WARN_OBJC_ROOT_CLASS = YES_ERROR;
				CLANG_WARN_QUOTED_INCLUDE_IN_FRAMEWORK_HEADER = YES;
				CLANG_WARN_RANGE_LOOP_ANALYSIS = YES;
				CLANG_WARN_STRICT_PROTOTYPES = YES;
				CLANG_WARN_SUSPICIOUS_MOVE = YES;
				CLANG_WARN_UNGUARDED_AVAILABILITY = YES_AGGRESSIVE;
				CLANG_WARN_UNREACHABLE_CODE = YES;
				CLANG_WARN__DUPLICATE_METHOD_MATCH = YES;
				COPY_PHASE_STRIP = NO;
				DEBUG_INFORMATION_FORMAT = dwarf;
				ENABLE_STRICT_OBJC_MSGSEND = YES;
				ENABLE_TESTABILITY = YES;
				GCC_C_LANGUAGE_STANDARD = gnu11;
				GCC_DYNAMIC_NO_PIC = NO;
				GCC_NO_COMMON_BLOCKS = YES;
				GCC_OPTIMIZATION_LEVEL = 0;
				GCC_PREPROCESSOR_DEFINITIONS = (
					"DEBUG=1",
					"$(inherited)",
				);
				GCC_WARN_64_TO_32_BIT_CONVERSION = YES;
				GCC_WARN_ABOUT_RETURN_TYPE = YES_ERROR;
				GCC_WARN_UNDECLARED_SELECTOR = YES;
				GCC_WARN_UNINITIALIZED_AUTOS = YES_AGGRESSIVE;
				GCC_WARN_UNUSED_FUNCTION = YES;
				GCC_WARN_UNUSED_VARIABLE = YES;
				IPHONEOS_DEPLOYMENT_TARGET = 16.1;
				MTL_ENABLE_DEBUG_INFO = INCLUDE_SOURCE;
				MTL_FAST_MATH = YES;
				ONLY_ACTIVE_ARCH = YES;
				SDKROOT = iphoneos;
				SWIFT_ACTIVE_COMPILATION_CONDITIONS = DEBUG;
				SWIFT_OPTIMIZATION_LEVEL = "-Onone";
			};
			name = Debug;
		};
		2AA09B2C2947B85600017E46 /* Release */ = {
			isa = XCBuildConfiguration;
			buildSettings = {
				ALWAYS_SEARCH_USER_PATHS = NO;
				CLANG_ANALYZER_NONNULL = YES;
				CLANG_ANALYZER_NUMBER_OBJECT_CONVERSION = YES_AGGRESSIVE;
				CLANG_CXX_LANGUAGE_STANDARD = "gnu++20";
				CLANG_ENABLE_MODULES = YES;
				CLANG_ENABLE_OBJC_ARC = YES;
				CLANG_ENABLE_OBJC_WEAK = YES;
				CLANG_WARN_BLOCK_CAPTURE_AUTORELEASING = YES;
				CLANG_WARN_BOOL_CONVERSION = YES;
				CLANG_WARN_COMMA = YES;
				CLANG_WARN_CONSTANT_CONVERSION = YES;
				CLANG_WARN_DEPRECATED_OBJC_IMPLEMENTATIONS = YES;
				CLANG_WARN_DIRECT_OBJC_ISA_USAGE = YES_ERROR;
				CLANG_WARN_DOCUMENTATION_COMMENTS = YES;
				CLANG_WARN_EMPTY_BODY = YES;
				CLANG_WARN_ENUM_CONVERSION = YES;
				CLANG_WARN_INFINITE_RECURSION = YES;
				CLANG_WARN_INT_CONVERSION = YES;
				CLANG_WARN_NON_LITERAL_NULL_CONVERSION = YES;
				CLANG_WARN_OBJC_IMPLICIT_RETAIN_SELF = YES;
				CLANG_WARN_OBJC_LITERAL_CONVERSION = YES;
				CLANG_WARN_OBJC_ROOT_CLASS = YES_ERROR;
				CLANG_WARN_QUOTED_INCLUDE_IN_FRAMEWORK_HEADER = YES;
				CLANG_WARN_RANGE_LOOP_ANALYSIS = YES;
				CLANG_WARN_STRICT_PROTOTYPES = YES;
				CLANG_WARN_SUSPICIOUS_MOVE = YES;
				CLANG_WARN_UNGUARDED_AVAILABILITY = YES_AGGRESSIVE;
				CLANG_WARN_UNREACHABLE_CODE = YES;
				CLANG_WARN__DUPLICATE_METHOD_MATCH = YES;
				COPY_PHASE_STRIP = NO;
				DEBUG_INFORMATION_FORMAT = "dwarf-with-dsym";
				ENABLE_NS_ASSERTIONS = NO;
				ENABLE_STRICT_OBJC_MSGSEND = YES;
				GCC_C_LANGUAGE_STANDARD = gnu11;
				GCC_NO_COMMON_BLOCKS = YES;
				GCC_WARN_64_TO_32_BIT_CONVERSION = YES;
				GCC_WARN_ABOUT_RETURN_TYPE = YES_ERROR;
				GCC_WARN_UNDECLARED_SELECTOR = YES;
				GCC_WARN_UNINITIALIZED_AUTOS = YES_AGGRESSIVE;
				GCC_WARN_UNUSED_FUNCTION = YES;
				GCC_WARN_UNUSED_VARIABLE = YES;
				IPHONEOS_DEPLOYMENT_TARGET = 16.1;
				MTL_ENABLE_DEBUG_INFO = NO;
				MTL_FAST_MATH = YES;
				SDKROOT = iphoneos;
				SWIFT_COMPILATION_MODE = wholemodule;
				SWIFT_OPTIMIZATION_LEVEL = "-O";
				VALIDATE_PRODUCT = YES;
			};
			name = Release;
		};
		2AA09B2E2947B85600017E46 /* Debug */ = {
			isa = XCBuildConfiguration;
			baseConfigurationReference = 6D9697CE294B80C9002F4E91 /* Debug.xcconfig */;
			buildSettings = {
				ASSETCATALOG_COMPILER_APPICON_NAME = AppIcon;
				ASSETCATALOG_COMPILER_GLOBAL_ACCENT_COLOR_NAME = AccentColor;
				CODE_SIGN_IDENTITY = "Apple Development";
				"CODE_SIGN_IDENTITY[sdk=iphoneos*]" = "iPhone Distribution";
				CODE_SIGN_STYLE = Manual;
				DEVELOPMENT_TEAM = "";
				"DEVELOPMENT_TEAM[sdk=iphoneos*]" = 8MJN994E42;
				GENERATE_INFOPLIST_FILE = YES;
				INFOPLIST_FILE = HappyEducation/Info.plist;
				INFOPLIST_KEY_UIApplicationSupportsIndirectInputEvents = YES;
				INFOPLIST_KEY_UILaunchStoryboardName = LaunchScreen;
				INFOPLIST_KEY_UIMainStoryboardFile = Main;
				INFOPLIST_KEY_UISupportedInterfaceOrientations_iPad = "UIInterfaceOrientationPortrait UIInterfaceOrientationPortraitUpsideDown UIInterfaceOrientationLandscapeLeft UIInterfaceOrientationLandscapeRight";
				INFOPLIST_KEY_UISupportedInterfaceOrientations_iPhone = "UIInterfaceOrientationPortrait UIInterfaceOrientationLandscapeLeft UIInterfaceOrientationLandscapeRight";
				LD_RUNPATH_SEARCH_PATHS = (
					"$(inherited)",
					"@executable_path/Frameworks",
				);
				PRODUCT_NAME = "$(TARGET_NAME)";
				PROVISIONING_PROFILE_SPECIFIER = "";
				"PROVISIONING_PROFILE_SPECIFIER[sdk=iphoneos*]" = PavelSemenchenkoHappyEducation;
				SWIFT_EMIT_LOC_STRINGS = YES;
				SWIFT_VERSION = 5.0;
				TARGETED_DEVICE_FAMILY = "1,2";
			};
			name = Debug;
		};
		2AA09B2F2947B85600017E46 /* Release */ = {
			isa = XCBuildConfiguration;
			baseConfigurationReference = 6D9697CF294B80D6002F4E91 /* Release.xcconfig */;
			buildSettings = {
				ASSETCATALOG_COMPILER_APPICON_NAME = AppIcon;
				ASSETCATALOG_COMPILER_GLOBAL_ACCENT_COLOR_NAME = AccentColor;
				"DEVELOPMENT_TEAM[sdk=iphoneos*]" = 8MJN994E42;
				GENERATE_INFOPLIST_FILE = YES;
				INFOPLIST_FILE = HappyEducation/Info.plist;
				INFOPLIST_KEY_UIApplicationSupportsIndirectInputEvents = YES;
				INFOPLIST_KEY_UILaunchStoryboardName = LaunchScreen;
				INFOPLIST_KEY_UIMainStoryboardFile = Main;
				INFOPLIST_KEY_UISupportedInterfaceOrientations_iPad = "UIInterfaceOrientationPortrait UIInterfaceOrientationPortraitUpsideDown UIInterfaceOrientationLandscapeLeft UIInterfaceOrientationLandscapeRight";
				INFOPLIST_KEY_UISupportedInterfaceOrientations_iPhone = "UIInterfaceOrientationPortrait UIInterfaceOrientationLandscapeLeft UIInterfaceOrientationLandscapeRight";
				LD_RUNPATH_SEARCH_PATHS = (
					"$(inherited)",
					"@executable_path/Frameworks",
				);
				PRODUCT_NAME = "$(TARGET_NAME)";
				"PROVISIONING_PROFILE_SPECIFIER[sdk=iphoneos*]" = PavelSemenchenkoHappyEducation;
				SWIFT_EMIT_LOC_STRINGS = YES;
				SWIFT_VERSION = 5.0;
				TARGETED_DEVICE_FAMILY = "1,2";
			};
			name = Release;
		};
		2AA09B312947B85600017E46 /* Debug */ = {
			isa = XCBuildConfiguration;
			buildSettings = {
				ALWAYS_EMBED_SWIFT_STANDARD_LIBRARIES = YES;
				BUNDLE_LOADER = "$(TEST_HOST)";
				CODE_SIGN_STYLE = Automatic;
				CURRENT_PROJECT_VERSION = 1;
				DEVELOPMENT_TEAM = 7328NRHXBW;
				GENERATE_INFOPLIST_FILE = YES;
				IPHONEOS_DEPLOYMENT_TARGET = 16.1;
				MARKETING_VERSION = 1.0;
				PRODUCT_BUNDLE_IDENTIFIER = PavelSemenchenko.HappyEducationTests;
				PRODUCT_NAME = "$(TARGET_NAME)";
				SWIFT_EMIT_LOC_STRINGS = NO;
				SWIFT_VERSION = 5.0;
				TARGETED_DEVICE_FAMILY = "1,2";
				TEST_HOST = "$(BUILT_PRODUCTS_DIR)/HappyEducation.app/$(BUNDLE_EXECUTABLE_FOLDER_PATH)/HappyEducation";
			};
			name = Debug;
		};
		2AA09B322947B85600017E46 /* Release */ = {
			isa = XCBuildConfiguration;
			buildSettings = {
				ALWAYS_EMBED_SWIFT_STANDARD_LIBRARIES = YES;
				BUNDLE_LOADER = "$(TEST_HOST)";
				CODE_SIGN_STYLE = Automatic;
				CURRENT_PROJECT_VERSION = 1;
				DEVELOPMENT_TEAM = 7328NRHXBW;
				GENERATE_INFOPLIST_FILE = YES;
				IPHONEOS_DEPLOYMENT_TARGET = 16.1;
				MARKETING_VERSION = 1.0;
				PRODUCT_BUNDLE_IDENTIFIER = PavelSemenchenko.HappyEducationTests;
				PRODUCT_NAME = "$(TARGET_NAME)";
				SWIFT_EMIT_LOC_STRINGS = NO;
				SWIFT_VERSION = 5.0;
				TARGETED_DEVICE_FAMILY = "1,2";
				TEST_HOST = "$(BUILT_PRODUCTS_DIR)/HappyEducation.app/$(BUNDLE_EXECUTABLE_FOLDER_PATH)/HappyEducation";
			};
			name = Release;
		};
		2AA09B342947B85600017E46 /* Debug */ = {
			isa = XCBuildConfiguration;
			buildSettings = {
				ALWAYS_EMBED_SWIFT_STANDARD_LIBRARIES = YES;
				CODE_SIGN_STYLE = Automatic;
				CURRENT_PROJECT_VERSION = 1;
				DEVELOPMENT_TEAM = 7328NRHXBW;
				GENERATE_INFOPLIST_FILE = YES;
				MARKETING_VERSION = 1.0;
				PRODUCT_BUNDLE_IDENTIFIER = PavelSemenchenko.HappyEducationUITests;
				PRODUCT_NAME = "$(TARGET_NAME)";
				SWIFT_EMIT_LOC_STRINGS = NO;
				SWIFT_VERSION = 5.0;
				TARGETED_DEVICE_FAMILY = "1,2";
				TEST_TARGET_NAME = HappyEducation;
			};
			name = Debug;
		};
		2AA09B352947B85600017E46 /* Release */ = {
			isa = XCBuildConfiguration;
			buildSettings = {
				ALWAYS_EMBED_SWIFT_STANDARD_LIBRARIES = YES;
				CODE_SIGN_STYLE = Automatic;
				CURRENT_PROJECT_VERSION = 1;
				DEVELOPMENT_TEAM = 7328NRHXBW;
				GENERATE_INFOPLIST_FILE = YES;
				MARKETING_VERSION = 1.0;
				PRODUCT_BUNDLE_IDENTIFIER = PavelSemenchenko.HappyEducationUITests;
				PRODUCT_NAME = "$(TARGET_NAME)";
				SWIFT_EMIT_LOC_STRINGS = NO;
				SWIFT_VERSION = 5.0;
				TARGETED_DEVICE_FAMILY = "1,2";
				TEST_TARGET_NAME = HappyEducation;
			};
			name = Release;
		};
/* End XCBuildConfiguration section */

/* Begin XCConfigurationList section */
		2AA09AFE2947B85400017E46 /* Build configuration list for PBXProject "HappyEducation" */ = {
			isa = XCConfigurationList;
			buildConfigurations = (
				2AA09B2B2947B85600017E46 /* Debug */,
				2AA09B2C2947B85600017E46 /* Release */,
			);
			defaultConfigurationIsVisible = 0;
			defaultConfigurationName = Release;
		};
		2AA09B2D2947B85600017E46 /* Build configuration list for PBXNativeTarget "HappyEducation" */ = {
			isa = XCConfigurationList;
			buildConfigurations = (
				2AA09B2E2947B85600017E46 /* Debug */,
				2AA09B2F2947B85600017E46 /* Release */,
			);
			defaultConfigurationIsVisible = 0;
			defaultConfigurationName = Release;
		};
		2AA09B302947B85600017E46 /* Build configuration list for PBXNativeTarget "HappyEducationTests" */ = {
			isa = XCConfigurationList;
			buildConfigurations = (
				2AA09B312947B85600017E46 /* Debug */,
				2AA09B322947B85600017E46 /* Release */,
			);
			defaultConfigurationIsVisible = 0;
			defaultConfigurationName = Release;
		};
		2AA09B332947B85600017E46 /* Build configuration list for PBXNativeTarget "HappyEducationUITests" */ = {
			isa = XCConfigurationList;
			buildConfigurations = (
				2AA09B342947B85600017E46 /* Debug */,
				2AA09B352947B85600017E46 /* Release */,
			);
			defaultConfigurationIsVisible = 0;
			defaultConfigurationName = Release;
		};
/* End XCConfigurationList section */

/* Begin XCRemoteSwiftPackageReference section */
		2A9475682947E073000C3043 /* XCRemoteSwiftPackageReference "firebase-ios-sdk" */ = {
			isa = XCRemoteSwiftPackageReference;
			repositoryURL = "https://github.com/firebase/firebase-ios-sdk";
			requirement = {
				kind = upToNextMajorVersion;
				minimumVersion = 9.0.0;
			};
		};
/* End XCRemoteSwiftPackageReference section */

/* Begin XCSwiftPackageProductDependency section */
		2A9475692947E073000C3043 /* FirebaseAnalytics */ = {
			isa = XCSwiftPackageProductDependency;
			package = 2A9475682947E073000C3043 /* XCRemoteSwiftPackageReference "firebase-ios-sdk" */;
			productName = FirebaseAnalytics;
		};
		2A94756B2947E073000C3043 /* FirebaseAnalyticsOnDeviceConversion */ = {
			isa = XCSwiftPackageProductDependency;
			package = 2A9475682947E073000C3043 /* XCRemoteSwiftPackageReference "firebase-ios-sdk" */;
			productName = FirebaseAnalyticsOnDeviceConversion;
		};
		2A94756D2947E073000C3043 /* FirebaseAnalyticsSwift */ = {
			isa = XCSwiftPackageProductDependency;
			package = 2A9475682947E073000C3043 /* XCRemoteSwiftPackageReference "firebase-ios-sdk" */;
			productName = FirebaseAnalyticsSwift;
		};
		2A94756F2947E073000C3043 /* FirebaseAnalyticsWithoutAdIdSupport */ = {
			isa = XCSwiftPackageProductDependency;
			package = 2A9475682947E073000C3043 /* XCRemoteSwiftPackageReference "firebase-ios-sdk" */;
			productName = FirebaseAnalyticsWithoutAdIdSupport;
		};
		2A9475712947E073000C3043 /* FirebaseAppCheck */ = {
			isa = XCSwiftPackageProductDependency;
			package = 2A9475682947E073000C3043 /* XCRemoteSwiftPackageReference "firebase-ios-sdk" */;
			productName = FirebaseAppCheck;
		};
		2A9475732947E073000C3043 /* FirebaseAppDistribution-Beta */ = {
			isa = XCSwiftPackageProductDependency;
			package = 2A9475682947E073000C3043 /* XCRemoteSwiftPackageReference "firebase-ios-sdk" */;
			productName = "FirebaseAppDistribution-Beta";
		};
		2A9475752947E073000C3043 /* FirebaseAuth */ = {
			isa = XCSwiftPackageProductDependency;
			package = 2A9475682947E073000C3043 /* XCRemoteSwiftPackageReference "firebase-ios-sdk" */;
			productName = FirebaseAuth;
		};
		2A9475772947E073000C3043 /* FirebaseAuthCombine-Community */ = {
			isa = XCSwiftPackageProductDependency;
			package = 2A9475682947E073000C3043 /* XCRemoteSwiftPackageReference "firebase-ios-sdk" */;
			productName = "FirebaseAuthCombine-Community";
		};
		2A9475792947E073000C3043 /* FirebaseCrashlytics */ = {
			isa = XCSwiftPackageProductDependency;
			package = 2A9475682947E073000C3043 /* XCRemoteSwiftPackageReference "firebase-ios-sdk" */;
			productName = FirebaseCrashlytics;
		};
		2A94757B2947E073000C3043 /* FirebaseDatabase */ = {
			isa = XCSwiftPackageProductDependency;
			package = 2A9475682947E073000C3043 /* XCRemoteSwiftPackageReference "firebase-ios-sdk" */;
			productName = FirebaseDatabase;
		};
		2A94757D2947E073000C3043 /* FirebaseDatabaseSwift */ = {
			isa = XCSwiftPackageProductDependency;
			package = 2A9475682947E073000C3043 /* XCRemoteSwiftPackageReference "firebase-ios-sdk" */;
			productName = FirebaseDatabaseSwift;
		};
		2A94757F2947E073000C3043 /* FirebaseDynamicLinks */ = {
			isa = XCSwiftPackageProductDependency;
			package = 2A9475682947E073000C3043 /* XCRemoteSwiftPackageReference "firebase-ios-sdk" */;
			productName = FirebaseDynamicLinks;
		};
		2A9475812947E073000C3043 /* FirebaseFirestore */ = {
			isa = XCSwiftPackageProductDependency;
			package = 2A9475682947E073000C3043 /* XCRemoteSwiftPackageReference "firebase-ios-sdk" */;
			productName = FirebaseFirestore;
		};
		2A9475832947E073000C3043 /* FirebaseFirestoreCombine-Community */ = {
			isa = XCSwiftPackageProductDependency;
			package = 2A9475682947E073000C3043 /* XCRemoteSwiftPackageReference "firebase-ios-sdk" */;
			productName = "FirebaseFirestoreCombine-Community";
		};
		2A9475852947E073000C3043 /* FirebaseFirestoreSwift */ = {
			isa = XCSwiftPackageProductDependency;
			package = 2A9475682947E073000C3043 /* XCRemoteSwiftPackageReference "firebase-ios-sdk" */;
			productName = FirebaseFirestoreSwift;
		};
		2A9475872947E073000C3043 /* FirebaseFunctions */ = {
			isa = XCSwiftPackageProductDependency;
			package = 2A9475682947E073000C3043 /* XCRemoteSwiftPackageReference "firebase-ios-sdk" */;
			productName = FirebaseFunctions;
		};
		2A9475892947E073000C3043 /* FirebaseFunctionsCombine-Community */ = {
			isa = XCSwiftPackageProductDependency;
			package = 2A9475682947E073000C3043 /* XCRemoteSwiftPackageReference "firebase-ios-sdk" */;
			productName = "FirebaseFunctionsCombine-Community";
		};
		2A94758B2947E073000C3043 /* FirebaseInAppMessaging-Beta */ = {
			isa = XCSwiftPackageProductDependency;
			package = 2A9475682947E073000C3043 /* XCRemoteSwiftPackageReference "firebase-ios-sdk" */;
			productName = "FirebaseInAppMessaging-Beta";
		};
		2A94758D2947E073000C3043 /* FirebaseInAppMessagingSwift-Beta */ = {
			isa = XCSwiftPackageProductDependency;
			package = 2A9475682947E073000C3043 /* XCRemoteSwiftPackageReference "firebase-ios-sdk" */;
			productName = "FirebaseInAppMessagingSwift-Beta";
		};
		2A94758F2947E073000C3043 /* FirebaseInstallations */ = {
			isa = XCSwiftPackageProductDependency;
			package = 2A9475682947E073000C3043 /* XCRemoteSwiftPackageReference "firebase-ios-sdk" */;
			productName = FirebaseInstallations;
		};
		2A9475912947E073000C3043 /* FirebaseMLModelDownloader */ = {
			isa = XCSwiftPackageProductDependency;
			package = 2A9475682947E073000C3043 /* XCRemoteSwiftPackageReference "firebase-ios-sdk" */;
			productName = FirebaseMLModelDownloader;
		};
		2A9475932947E073000C3043 /* FirebaseMessaging */ = {
			isa = XCSwiftPackageProductDependency;
			package = 2A9475682947E073000C3043 /* XCRemoteSwiftPackageReference "firebase-ios-sdk" */;
			productName = FirebaseMessaging;
		};
		2A9475952947E073000C3043 /* FirebasePerformance */ = {
			isa = XCSwiftPackageProductDependency;
			package = 2A9475682947E073000C3043 /* XCRemoteSwiftPackageReference "firebase-ios-sdk" */;
			productName = FirebasePerformance;
		};
		2A9475972947E073000C3043 /* FirebaseRemoteConfig */ = {
			isa = XCSwiftPackageProductDependency;
			package = 2A9475682947E073000C3043 /* XCRemoteSwiftPackageReference "firebase-ios-sdk" */;
			productName = FirebaseRemoteConfig;
		};
		2A9475992947E073000C3043 /* FirebaseRemoteConfigSwift */ = {
			isa = XCSwiftPackageProductDependency;
			package = 2A9475682947E073000C3043 /* XCRemoteSwiftPackageReference "firebase-ios-sdk" */;
			productName = FirebaseRemoteConfigSwift;
		};
		2A94759B2947E073000C3043 /* FirebaseStorage */ = {
			isa = XCSwiftPackageProductDependency;
			package = 2A9475682947E073000C3043 /* XCRemoteSwiftPackageReference "firebase-ios-sdk" */;
			productName = FirebaseStorage;
		};
		2A94759D2947E073000C3043 /* FirebaseStorageCombine-Community */ = {
			isa = XCSwiftPackageProductDependency;
			package = 2A9475682947E073000C3043 /* XCRemoteSwiftPackageReference "firebase-ios-sdk" */;
			productName = "FirebaseStorageCombine-Community";
		};
/* End XCSwiftPackageProductDependency section */
	};
	rootObject = 2AA09AFB2947B85400017E46 /* Project object */;
}
